
Microsoft Visual Studio Solution File, Format Version 12.00
# Visual Studio Version 17
VisualStudioVersion = 17.0.31919.166
MinimumVisualStudioVersion = 10.0.40219.1
Project("{FAE04EC0-301F-11D3-BF4B-00C04F79EFBC}") = "QRCodeDecoderDemo", "QRCodeDecoderDemo\QRCodeDecoderDemo.csproj", "{DE774609-2D20-4856-97FA-FF324D60DACC}"
EndProject
Project("{FAE04EC0-301F-11D3-BF4B-00C04F79EFBC}") = "QRCodeDecoderLibrary", "QRCodeDecoderLibrary\QRCodeDecoderLibrary.csproj", "{703BB51B-2B71-467B-B54B-B0DAECA2495E}"
EndProject
Global
	GlobalSection(SolutionConfigurationPlatforms) = preSolution
		Debug|Any CPU = Debug|Any CPU
		Release|Any CPU = Release|Any CPU
	EndGlobalSection
	GlobalSection(ProjectConfigurationPlatforms) = postSolution
		{DE774609-2D20-4856-97FA-FF324D60DACC}.Debug|Any CPU.ActiveCfg = Debug|Any CPU
		{DE774609-2D20-4856-97FA-FF324D60DACC}.Debug|Any CPU.Build.0 = Debug|Any CPU
		{DE774609-2D20-4856-97FA-FF324D60DACC}.Release|Any CPU.ActiveCfg = Release|Any CPU
		{DE774609-2D20-4856-97FA-FF324D60DACC}.Release|Any CPU.Build.0 = Release|Any CPU
		{703BB51B-2B71-467B-B54B-B0DAECA2495E}.Debug|Any CPU.ActiveCfg = Debug|Any CPU
		{703BB51B-2B71-467B-B54B-B0DAECA2495E}.Debug|Any CPU.Build.0 = Debug|Any CPU
		{703BB51B-2B71-467B-B54B-B0DAECA2495E}.Release|Any CPU.ActiveCfg = Release|Any CPU
		{703BB51B-2B71-467B-B54B-B0DAECA2495E}.Release|Any CPU.Build.0 = Release|Any CPU
	EndGlobalSection
	GlobalSection(SolutionProperties) = preSolution
		HideSolutionNode = FALSE
	EndGlobalSection
	GlobalSection(ExtensibilityGlobals) = postSolution
		SolutionGuid = {23B182F3-E0E9-4F76-B0BC-56BD20DF1115}
	EndGlobalSection
EndGlobal
